
Microsoft Visual Studio Solution File, Format Version 12.00
# Visual Studio Version 16
VisualStudioVersion = 16.0.32126.315
MinimumVisualStudioVersion = 10.0.40219.1
Project("{FAE04EC0-301F-11D3-BF4B-00C04F79EFBC}") = "MqttListenerSample", "MqttListenerSample\MqttListenerSample.csproj", "{869C0EF6-F850-42B0-B09A-D22AA6566AED}"
EndProject
Global
	GlobalSection(SolutionConfigurationPlatforms) = preSolution
		Debug|Any CPU = Debug|Any CPU
		Release|Any CPU = Release|Any CPU
	EndGlobalSection
	GlobalSection(ProjectConfigurationPlatforms) = postSolution
		{869C0EF6-F850-42B0-B09A-D22AA6566AED}.Debug|Any CPU.ActiveCfg = Debug|Any CPU
		{869C0EF6-F850-42B0-B09A-D22AA6566AED}.Debug|Any CPU.Build.0 = Debug|Any CPU
		{869C0EF6-F850-42B0-B09A-D22AA6566AED}.Release|Any CPU.ActiveCfg = Release|Any CPU
		{869C0EF6-F850-42B0-B09A-D22AA6566AED}.Release|Any CPU.Build.0 = Release|Any CPU
	EndGlobalSection
	GlobalSection(SolutionProperties) = preSolution
		HideSolutionNode = FALSE
	EndGlobalSection
	GlobalSection(ExtensibilityGlobals) = postSolution
		SolutionGuid = {EED88EB1-5A17-4667-9542-A6FB082C594E}
	EndGlobalSection
EndGlobal
